{
  "name": "your-project-name",
  "version": "1.0.0",
  "description": "Your project description",
  "main": "index.js",
  "scripts": {
    "start": "node index.js",
    "test": "echo \"Error: no test specified\" && exit 1",
    "deploy": "npm run build && ftp-deploy"
  },
  "author": "Your Name",
  "license": "ISC",
  "dependencies": {
    // your dependencies here
  },
  "lockfileVersion": 1
}